
Microsoft Visual Studio Solution File, Format Version 12.00
# Visual Studio Version 17
VisualStudioVersion = 17.4.33213.308
MinimumVisualStudioVersion = 10.0.40219.1
Project("{FAE04EC0-301F-11D3-BF4B-00C04F79EFBC}") = "CalculatorClassLibrary", "CalculatorClassLibrary\CalculatorClassLibrary.csproj", "{CCE6E8DC-A99A-44A9-86D1-C0FCBDA493AD}"
EndProject
Project("{FAE04EC0-301F-11D3-BF4B-00C04F79EFBC}") = "CalculatorWinForms", "CalculatorWinForms\CalculatorWinForms.csproj", "{EC941FB2-8448-4579-A9BB-6D97BF983652}"
EndProject
Global
	GlobalSection(SolutionConfigurationPlatforms) = preSolution
		Debug|Any CPU = Debug|Any CPU
		Release|Any CPU = Release|Any CPU
	EndGlobalSection
	GlobalSection(ProjectConfigurationPlatforms) = postSolution
		{CCE6E8DC-A99A-44A9-86D1-C0FCBDA493AD}.Debug|Any CPU.ActiveCfg = Debug|Any CPU
		{CCE6E8DC-A99A-44A9-86D1-C0FCBDA493AD}.Debug|Any CPU.Build.0 = Debug|Any CPU
		{CCE6E8DC-A99A-44A9-86D1-C0FCBDA493AD}.Release|Any CPU.ActiveCfg = Release|Any CPU
		{CCE6E8DC-A99A-44A9-86D1-C0FCBDA493AD}.Release|Any CPU.Build.0 = Release|Any CPU
		{EC941FB2-8448-4579-A9BB-6D97BF983652}.Debug|Any CPU.ActiveCfg = Debug|Any CPU
		{EC941FB2-8448-4579-A9BB-6D97BF983652}.Debug|Any CPU.Build.0 = Debug|Any CPU
		{EC941FB2-8448-4579-A9BB-6D97BF983652}.Release|Any CPU.ActiveCfg = Release|Any CPU
		{EC941FB2-8448-4579-A9BB-6D97BF983652}.Release|Any CPU.Build.0 = Release|Any CPU
	EndGlobalSection
	GlobalSection(SolutionProperties) = preSolution
		HideSolutionNode = FALSE
	EndGlobalSection
	GlobalSection(ExtensibilityGlobals) = postSolution
		SolutionGuid = {E3832693-6194-41A9-ABC4-1EBCB024C0FF}
	EndGlobalSection
EndGlobal
